
Microsoft Visual Studio Solution File, Format Version 12.00
# Visual Studio Version 16
VisualStudioVersion = 16.0.30711.63
MinimumVisualStudioVersion = 10.0.40219.1
Project("{FAE04EC0-301F-11D3-BF4B-00C04F79EFBC}") = "Highscore WebAPI", "Highscore WebAPI\Highscore WebAPI.csproj", "{8982FC6F-AE77-4026-86B4-FC7771D3AD8D}"
EndProject
Global
	GlobalSection(SolutionConfigurationPlatforms) = preSolution
		Debug|Any CPU = Debug|Any CPU
		Release|Any CPU = Release|Any CPU
	EndGlobalSection
	GlobalSection(ProjectConfigurationPlatforms) = postSolution
		{8982FC6F-AE77-4026-86B4-FC7771D3AD8D}.Debug|Any CPU.ActiveCfg = Debug|Any CPU
		{8982FC6F-AE77-4026-86B4-FC7771D3AD8D}.Debug|Any CPU.Build.0 = Debug|Any CPU
		{8982FC6F-AE77-4026-86B4-FC7771D3AD8D}.Release|Any CPU.ActiveCfg = Release|Any CPU
		{8982FC6F-AE77-4026-86B4-FC7771D3AD8D}.Release|Any CPU.Build.0 = Release|Any CPU
	EndGlobalSection
	GlobalSection(SolutionProperties) = preSolution
		HideSolutionNode = FALSE
	EndGlobalSection
	GlobalSection(ExtensibilityGlobals) = postSolution
		SolutionGuid = {19D25459-1435-44E8-8746-A00FC33414F4}
	EndGlobalSection
EndGlobal
